
Microsoft Visual Studio Solution File, Format Version 12.00
# Visual Studio Version 16
VisualStudioVersion = 16.0.28407.52
MinimumVisualStudioVersion = 10.0.40219.1
Project("{9A19103F-16F7-4668-BE54-9A1E7A4F7556}") = "ContosoExpenses", "ContosoExpenses\ContosoExpenses.csproj", "{A3E7CBAC-2DFE-463B-B7F9-0B6477EA7A37}"
EndProject
Project("{9A19103F-16F7-4668-BE54-9A1E7A4F7556}") = "ContosoExpenses.Data", "ContosoExpenses.Data\ContosoExpenses.Data.csproj", "{17D17C72-3B34-4AB4-8B77-CB39B2889445}"
EndProject
Project("{FAE04EC0-301F-11D3-BF4B-00C04F79EFBC}") = "GraphComponent", "GraphComponent\GraphComponent.csproj", "{7F90FBEF-BF4B-4482-84AD-67486A01F4FB}"
EndProject
Project("{FAE04EC0-301F-11D3-BF4B-00C04F79EFBC}") = "ContosoExpenes.Uwp", "ContosoExpenes.Uwp\ContosoExpenes.Uwp.csproj", "{FE8C77BD-2B77-4318-BA8D-31175AADA7F4}"
EndProject
Project("{C7167F0D-BC9F-4E6E-AFE1-012C56B48DB5}") = "ContosoExpenses.Package", "ContosoExpenses.Package\ContosoExpenses.Package.wapproj", "{7559DC50-BDD9-4B2F-A381-408ECE3319AE}"
EndProject
Global
	GlobalSection(SolutionConfigurationPlatforms) = preSolution
		Debug|Any CPU = Debug|Any CPU
		Debug|ARM = Debug|ARM
		Debug|ARM64 = Debug|ARM64
		Debug|x64 = Debug|x64
		Debug|x86 = Debug|x86
		Release|Any CPU = Release|Any CPU
		Release|ARM = Release|ARM
		Release|ARM64 = Release|ARM64
		Release|x64 = Release|x64
		Release|x86 = Release|x86
	EndGlobalSection
	GlobalSection(ProjectConfigurationPlatforms) = postSolution
		{A3E7CBAC-2DFE-463B-B7F9-0B6477EA7A37}.Debug|Any CPU.ActiveCfg = Debug|Any CPU
		{A3E7CBAC-2DFE-463B-B7F9-0B6477EA7A37}.Debug|Any CPU.Build.0 = Debug|Any CPU
		{A3E7CBAC-2DFE-463B-B7F9-0B6477EA7A37}.Debug|ARM.ActiveCfg = Debug|Any CPU
		{A3E7CBAC-2DFE-463B-B7F9-0B6477EA7A37}.Debug|ARM.Build.0 = Debug|Any CPU
		{A3E7CBAC-2DFE-463B-B7F9-0B6477EA7A37}.Debug|ARM64.ActiveCfg = Debug|Any CPU
		{A3E7CBAC-2DFE-463B-B7F9-0B6477EA7A37}.Debug|ARM64.Build.0 = Debug|Any CPU
		{A3E7CBAC-2DFE-463B-B7F9-0B6477EA7A37}.Debug|x64.ActiveCfg = Debug|x64
		{A3E7CBAC-2DFE-463B-B7F9-0B6477EA7A37}.Debug|x64.Build.0 = Debug|x64
		{A3E7CBAC-2DFE-463B-B7F9-0B6477EA7A37}.Debug|x86.ActiveCfg = Debug|x86
		{A3E7CBAC-2DFE-463B-B7F9-0B6477EA7A37}.Debug|x86.Build.0 = Debug|x86
		{A3E7CBAC-2DFE-463B-B7F9-0B6477EA7A37}.Release|Any CPU.ActiveCfg = Release|Any CPU
		{A3E7CBAC-2DFE-463B-B7F9-0B6477EA7A37}.Release|Any CPU.Build.0 = Release|Any CPU
		{A3E7CBAC-2DFE-463B-B7F9-0B6477EA7A37}.Release|ARM.ActiveCfg = Release|Any CPU
		{A3E7CBAC-2DFE-463B-B7F9-0B6477EA7A37}.Release|ARM.Build.0 = Release|Any CPU
		{A3E7CBAC-2DFE-463B-B7F9-0B6477EA7A37}.Release|ARM64.ActiveCfg = Release|Any CPU
		{A3E7CBAC-2DFE-463B-B7F9-0B6477EA7A37}.Release|ARM64.Build.0 = Release|Any CPU
		{A3E7CBAC-2DFE-463B-B7F9-0B6477EA7A37}.Release|x64.ActiveCfg = Release|Any CPU
		{A3E7CBAC-2DFE-463B-B7F9-0B6477EA7A37}.Release|x64.Build.0 = Release|Any CPU
		{A3E7CBAC-2DFE-463B-B7F9-0B6477EA7A37}.Release|x86.ActiveCfg = Release|Any CPU
		{A3E7CBAC-2DFE-463B-B7F9-0B6477EA7A37}.Release|x86.Build.0 = Release|Any CPU
		{17D17C72-3B34-4AB4-8B77-CB39B2889445}.Debug|Any CPU.ActiveCfg = Debug|Any CPU
		{17D17C72-3B34-4AB4-8B77-CB39B2889445}.Debug|Any CPU.Build.0 = Debug|Any CPU
		{17D17C72-3B34-4AB4-8B77-CB39B2889445}.Debug|ARM.ActiveCfg = Debug|Any CPU
		{17D17C72-3B34-4AB4-8B77-CB39B2889445}.Debug|ARM.Build.0 = Debug|Any CPU
		{17D17C72-3B34-4AB4-8B77-CB39B2889445}.Debug|ARM64.ActiveCfg = Debug|Any CPU
		{17D17C72-3B34-4AB4-8B77-CB39B2889445}.Debug|ARM64.Build.0 = Debug|Any CPU
		{17D17C72-3B34-4AB4-8B77-CB39B2889445}.Debug|x64.ActiveCfg = Debug|Any CPU
		{17D17C72-3B34-4AB4-8B77-CB39B2889445}.Debug|x64.Build.0 = Debug|Any CPU
		{17D17C72-3B34-4AB4-8B77-CB39B2889445}.Debug|x86.ActiveCfg = Debug|Any CPU
		{17D17C72-3B34-4AB4-8B77-CB39B2889445}.Debug|x86.Build.0 = Debug|Any CPU
		{17D17C72-3B34-4AB4-8B77-CB39B2889445}.Release|Any CPU.ActiveCfg = Release|Any CPU
		{17D17C72-3B34-4AB4-8B77-CB39B2889445}.Release|Any CPU.Build.0 = Release|Any CPU
		{17D17C72-3B34-4AB4-8B77-CB39B2889445}.Release|ARM.ActiveCfg = Release|Any CPU
		{17D17C72-3B34-4AB4-8B77-CB39B2889445}.Release|ARM.Build.0 = Release|Any CPU
		{17D17C72-3B34-4AB4-8B77-CB39B2889445}.Release|ARM64.ActiveCfg = Release|Any CPU
		{17D17C72-3B34-4AB4-8B77-CB39B2889445}.Release|ARM64.Build.0 = Release|Any CPU
		{17D17C72-3B34-4AB4-8B77-CB39B2889445}.Release|x64.ActiveCfg = Release|Any CPU
		{17D17C72-3B34-4AB4-8B77-CB39B2889445}.Release|x64.Build.0 = Release|Any CPU
		{17D17C72-3B34-4AB4-8B77-CB39B2889445}.Release|x86.ActiveCfg = Release|Any CPU
		{17D17C72-3B34-4AB4-8B77-CB39B2889445}.Release|x86.Build.0 = Release|Any CPU
		{7F90FBEF-BF4B-4482-84AD-67486A01F4FB}.Debug|Any CPU.ActiveCfg = Debug|Any CPU
		{7F90FBEF-BF4B-4482-84AD-67486A01F4FB}.Debug|Any CPU.Build.0 = Debug|Any CPU
		{7F90FBEF-BF4B-4482-84AD-67486A01F4FB}.Debug|ARM.ActiveCfg = Debug|ARM
		{7F90FBEF-BF4B-4482-84AD-67486A01F4FB}.Debug|ARM.Build.0 = Debug|ARM
		{7F90FBEF-BF4B-4482-84AD-67486A01F4FB}.Debug|ARM64.ActiveCfg = Debug|ARM64
		{7F90FBEF-BF4B-4482-84AD-67486A01F4FB}.Debug|ARM64.Build.0 = Debug|ARM64
		{7F90FBEF-BF4B-4482-84AD-67486A01F4FB}.Debug|x64.ActiveCfg = Debug|x64
		{7F90FBEF-BF4B-4482-84AD-67486A01F4FB}.Debug|x64.Build.0 = Debug|x64
		{7F90FBEF-BF4B-4482-84AD-67486A01F4FB}.Debug|x86.ActiveCfg = Debug|x86
		{7F90FBEF-BF4B-4482-84AD-67486A01F4FB}.Debug|x86.Build.0 = Debug|x86
		{7F90FBEF-BF4B-4482-84AD-67486A01F4FB}.Release|Any CPU.ActiveCfg = Release|Any CPU
		{7F90FBEF-BF4B-4482-84AD-67486A01F4FB}.Release|Any CPU.Build.0 = Release|Any CPU
		{7F90FBEF-BF4B-4482-84AD-67486A01F4FB}.Release|ARM.ActiveCfg = Release|ARM
		{7F90FBEF-BF4B-4482-84AD-67486A01F4FB}.Release|ARM.Build.0 = Release|ARM
		{7F90FBEF-BF4B-4482-84AD-67486A01F4FB}.Release|ARM64.ActiveCfg = Release|ARM64
		{7F90FBEF-BF4B-4482-84AD-67486A01F4FB}.Release|ARM64.Build.0 = Release|ARM64
		{7F90FBEF-BF4B-4482-84AD-67486A01F4FB}.Release|x64.ActiveCfg = Release|x64
		{7F90FBEF-BF4B-4482-84AD-67486A01F4FB}.Release|x64.Build.0 = Release|x64
		{7F90FBEF-BF4B-4482-84AD-67486A01F4FB}.Release|x86.ActiveCfg = Release|x86
		{7F90FBEF-BF4B-4482-84AD-67486A01F4FB}.Release|x86.Build.0 = Release|x86
		{FE8C77BD-2B77-4318-BA8D-31175AADA7F4}.Debug|Any CPU.ActiveCfg = Debug|x86
		{FE8C77BD-2B77-4318-BA8D-31175AADA7F4}.Debug|ARM.ActiveCfg = Debug|ARM
		{FE8C77BD-2B77-4318-BA8D-31175AADA7F4}.Debug|ARM.Build.0 = Debug|ARM
		{FE8C77BD-2B77-4318-BA8D-31175AADA7F4}.Debug|ARM.Deploy.0 = Debug|ARM
		{FE8C77BD-2B77-4318-BA8D-31175AADA7F4}.Debug|ARM64.ActiveCfg = Debug|ARM64
		{FE8C77BD-2B77-4318-BA8D-31175AADA7F4}.Debug|ARM64.Build.0 = Debug|ARM64
		{FE8C77BD-2B77-4318-BA8D-31175AADA7F4}.Debug|ARM64.Deploy.0 = Debug|ARM64
		{FE8C77BD-2B77-4318-BA8D-31175AADA7F4}.Debug|x64.ActiveCfg = Debug|x64
		{FE8C77BD-2B77-4318-BA8D-31175AADA7F4}.Debug|x64.Build.0 = Debug|x64
		{FE8C77BD-2B77-4318-BA8D-31175AADA7F4}.Debug|x86.ActiveCfg = Debug|x86
		{FE8C77BD-2B77-4318-BA8D-31175AADA7F4}.Debug|x86.Build.0 = Debug|x86
		{FE8C77BD-2B77-4318-BA8D-31175AADA7F4}.Debug|x86.Deploy.0 = Debug|x86
		{FE8C77BD-2B77-4318-BA8D-31175AADA7F4}.Release|Any CPU.ActiveCfg = Release|x86
		{FE8C77BD-2B77-4318-BA8D-31175AADA7F4}.Release|ARM.ActiveCfg = Release|ARM
		{FE8C77BD-2B77-4318-BA8D-31175AADA7F4}.Release|ARM.Build.0 = Release|ARM
		{FE8C77BD-2B77-4318-BA8D-31175AADA7F4}.Release|ARM.Deploy.0 = Release|ARM
		{FE8C77BD-2B77-4318-BA8D-31175AADA7F4}.Release|ARM64.ActiveCfg = Release|ARM64
		{FE8C77BD-2B77-4318-BA8D-31175AADA7F4}.Release|ARM64.Build.0 = Release|ARM64
		{FE8C77BD-2B77-4318-BA8D-31175AADA7F4}.Release|ARM64.Deploy.0 = Release|ARM64
		{FE8C77BD-2B77-4318-BA8D-31175AADA7F4}.Release|x64.ActiveCfg = Release|x64
		{FE8C77BD-2B77-4318-BA8D-31175AADA7F4}.Release|x64.Build.0 = Release|x64
		{FE8C77BD-2B77-4318-BA8D-31175AADA7F4}.Release|x64.Deploy.0 = Release|x64
		{FE8C77BD-2B77-4318-BA8D-31175AADA7F4}.Release|x86.ActiveCfg = Release|x86
		{FE8C77BD-2B77-4318-BA8D-31175AADA7F4}.Release|x86.Build.0 = Release|x86
		{FE8C77BD-2B77-4318-BA8D-31175AADA7F4}.Release|x86.Deploy.0 = Release|x86
		{7559DC50-BDD9-4B2F-A381-408ECE3319AE}.Debug|Any CPU.ActiveCfg = Debug|Any CPU
		{7559DC50-BDD9-4B2F-A381-408ECE3319AE}.Debug|Any CPU.Build.0 = Debug|Any CPU
		{7559DC50-BDD9-4B2F-A381-408ECE3319AE}.Debug|Any CPU.Deploy.0 = Debug|Any CPU
		{7559DC50-BDD9-4B2F-A381-408ECE3319AE}.Debug|ARM.ActiveCfg = Debug|ARM
		{7559DC50-BDD9-4B2F-A381-408ECE3319AE}.Debug|ARM.Build.0 = Debug|ARM
		{7559DC50-BDD9-4B2F-A381-408ECE3319AE}.Debug|ARM.Deploy.0 = Debug|ARM
		{7559DC50-BDD9-4B2F-A381-408ECE3319AE}.Debug|ARM64.ActiveCfg = Debug|ARM64
		{7559DC50-BDD9-4B2F-A381-408ECE3319AE}.Debug|ARM64.Build.0 = Debug|ARM64
		{7559DC50-BDD9-4B2F-A381-408ECE3319AE}.Debug|ARM64.Deploy.0 = Debug|ARM64
		{7559DC50-BDD9-4B2F-A381-408ECE3319AE}.Debug|x64.ActiveCfg = Debug|x64
		{7559DC50-BDD9-4B2F-A381-408ECE3319AE}.Debug|x64.Build.0 = Debug|x64
		{7559DC50-BDD9-4B2F-A381-408ECE3319AE}.Debug|x64.Deploy.0 = Debug|x64
		{7559DC50-BDD9-4B2F-A381-408ECE3319AE}.Debug|x86.ActiveCfg = Debug|x86
		{7559DC50-BDD9-4B2F-A381-408ECE3319AE}.Debug|x86.Build.0 = Debug|x86
		{7559DC50-BDD9-4B2F-A381-408ECE3319AE}.Debug|x86.Deploy.0 = Debug|x86
		{7559DC50-BDD9-4B2F-A381-408ECE3319AE}.Release|Any CPU.ActiveCfg = Release|Any CPU
		{7559DC50-BDD9-4B2F-A381-408ECE3319AE}.Release|Any CPU.Build.0 = Release|Any CPU
		{7559DC50-BDD9-4B2F-A381-408ECE3319AE}.Release|Any CPU.Deploy.0 = Release|Any CPU
		{7559DC50-BDD9-4B2F-A381-408ECE3319AE}.Release|ARM.ActiveCfg = Release|ARM
		{7559DC50-BDD9-4B2F-A381-408ECE3319AE}.Release|ARM.Build.0 = Release|ARM
		{7559DC50-BDD9-4B2F-A381-408ECE3319AE}.Release|ARM.Deploy.0 = Release|ARM
		{7559DC50-BDD9-4B2F-A381-408ECE3319AE}.Release|ARM64.ActiveCfg = Release|ARM64
		{7559DC50-BDD9-4B2F-A381-408ECE3319AE}.Release|ARM64.Build.0 = Release|ARM64
		{7559DC50-BDD9-4B2F-A381-408ECE3319AE}.Release|ARM64.Deploy.0 = Release|ARM64
		{7559DC50-BDD9-4B2F-A381-408ECE3319AE}.Release|x64.ActiveCfg = Release|x64
		{7559DC50-BDD9-4B2F-A381-408ECE3319AE}.Release|x64.Build.0 = Release|x64
		{7559DC50-BDD9-4B2F-A381-408ECE3319AE}.Release|x64.Deploy.0 = Release|x64
		{7559DC50-BDD9-4B2F-A381-408ECE3319AE}.Release|x86.ActiveCfg = Release|x86
		{7559DC50-BDD9-4B2F-A381-408ECE3319AE}.Release|x86.Build.0 = Release|x86
		{7559DC50-BDD9-4B2F-A381-408ECE3319AE}.Release|x86.Deploy.0 = Release|x86
	EndGlobalSection
	GlobalSection(SolutionProperties) = preSolution
		HideSolutionNode = FALSE
	EndGlobalSection
	GlobalSection(ExtensibilityGlobals) = postSolution
		SolutionGuid = {3BADFBD9-C57F-40A7-B058-D6B067196030}
	EndGlobalSection
EndGlobal
